
Microsoft Visual Studio Solution File, Format Version 12.00
# 
Project("{FAE04EC0-301F-11D3-BF4B-00C04F79EFBC}") = "GameMaintenance", "GameMaintenance\GameMaintenance.csproj", "{F835F212-27AC-42BE-99EB-9AF4147BF5A2}"
EndProject
Project("{FAE04EC0-301F-11D3-BF4B-00C04F79EFBC}") = "ReplicateState", "ReplicateState\ReplicateState.csproj", "{CA678957-7CEF-4708-8980-B60BBA5FE870}"
EndProject
Project("{FAE04EC0-301F-11D3-BF4B-00C04F79EFBC}") = "ServiceAccountMaintenance", "ServiceAccountMaintenance\ServiceAccountMaintenance.csproj", "{63393558-AA2C-4771-820C-253E665211E4}"
EndProject
Project("{FAE04EC0-301F-11D3-BF4B-00C04F79EFBC}") = "Utils", "Utils\Utils.csproj", "{B2AD04AA-FC39-4E09-91AB-24B2AC21CA0C}"
EndProject
Project("{FAE04EC0-301F-11D3-BF4B-00C04F79EFBC}") = "BYOAuthFlow", "BYOAuthFlow\BYOAuthFlow.csproj", "{A5610AA5-193A-4CAF-9C3A-E3BAE78A1086}"
EndProject
Project("{FAE04EC0-301F-11D3-BF4B-00C04F79EFBC}") = "WorkerSDKWrapper", "WorkerSDKWrapper\WorkerSDKWrapper.csproj", "{5850AA6F-0CFE-4AB8-B8F4-EB32C032A47A}"
EndProject
Project("{FAE04EC0-301F-11D3-BF4B-00C04F79EFBC}") = "CapacityLimit", "CapacityLimit\CapacityLimit.csproj", "{62B604B5-0203-4F6B-8BB7-208D5ED3E66C}"
EndProject
Project("{FAE04EC0-301F-11D3-BF4B-00C04F79EFBC}") = "apis", "..\pkg\apis.csproj", "{E309BAFF-8567-4B16-9A17-9577C4CA0B2A}"
EndProject
Project("{FAE04EC0-301F-11D3-BF4B-00C04F79EFBC}") = "deployment_v1alpha1", "..\apis\deployment\v1alpha1\deployment_v1alpha1.csproj", "{70BC3C2F-70D9-4F2F-B4B1-AEBA8698DF84}"
EndProject
Project("{FAE04EC0-301F-11D3-BF4B-00C04F79EFBC}") = "deployment_v1beta1", "..\apis\deployment\v1beta1\deployment_v1beta1.csproj", "{76C30973-3B50-47B7-9C14-3BFCD03E1070}"
EndProject
Project("{FAE04EC0-301F-11D3-BF4B-00C04F79EFBC}") = "playerauth_v2alpha1", "..\apis\playerauth\v2alpha1\playerauth_v2alpha1.csproj", "{579F6617-21C0-496A-B144-86A17F57A3A4}"
EndProject
Project("{FAE04EC0-301F-11D3-BF4B-00C04F79EFBC}") = "remoteinteraction_v1alpha1", "..\apis\remoteinteraction\v1alpha1\remoteinteraction_v1alpha1.csproj", "{F0B15113-A6FA-4205-A42D-91500A49AEFF}"
EndProject
Project("{FAE04EC0-301F-11D3-BF4B-00C04F79EFBC}") = "serviceaccount_v1alpha1", "..\apis\serviceaccount\v1alpha1\serviceaccount_v1alpha1.csproj", "{E7475E2B-247D-41E8-92A7-A1BF4533AA0F}"
EndProject
Project("{FAE04EC0-301F-11D3-BF4B-00C04F79EFBC}") = "snapshot_v1alpha1", "..\apis\snapshot\v1alpha1\snapshot_v1alpha1.csproj", "{78FE3106-5BD0-4C40-9AEA-C42F196436D6}"
EndProject
Global
	GlobalSection(SolutionConfigurationPlatforms) = preSolution
		Debug|Any CPU = Debug|Any CPU
		Release|Any CPU = Release|Any CPU
	EndGlobalSection
	GlobalSection(ProjectConfigurationPlatforms) = postSolution
		{F835F212-27AC-42BE-99EB-9AF4147BF5A2}.Debug|Any CPU.ActiveCfg = Debug|Any CPU
		{F835F212-27AC-42BE-99EB-9AF4147BF5A2}.Debug|Any CPU.Build.0 = Debug|Any CPU
		{F835F212-27AC-42BE-99EB-9AF4147BF5A2}.Release|Any CPU.ActiveCfg = Release|Any CPU
		{F835F212-27AC-42BE-99EB-9AF4147BF5A2}.Release|Any CPU.Build.0 = Release|Any CPU
		{DB452BF8-7EBF-4318-B8AF-C0F42F649178}.Debug|Any CPU.ActiveCfg = Debug|Any CPU
		{DB452BF8-7EBF-4318-B8AF-C0F42F649178}.Debug|Any CPU.Build.0 = Debug|Any CPU
		{DB452BF8-7EBF-4318-B8AF-C0F42F649178}.Release|Any CPU.ActiveCfg = Release|Any CPU
		{DB452BF8-7EBF-4318-B8AF-C0F42F649178}.Release|Any CPU.Build.0 = Release|Any CPU
		{CA678957-7CEF-4708-8980-B60BBA5FE870}.Debug|Any CPU.ActiveCfg = Debug|Any CPU
		{CA678957-7CEF-4708-8980-B60BBA5FE870}.Debug|Any CPU.Build.0 = Debug|Any CPU
		{CA678957-7CEF-4708-8980-B60BBA5FE870}.Release|Any CPU.ActiveCfg = Release|Any CPU
		{CA678957-7CEF-4708-8980-B60BBA5FE870}.Release|Any CPU.Build.0 = Release|Any CPU
		{63393558-AA2C-4771-820C-253E665211E4}.Debug|Any CPU.ActiveCfg = Debug|Any CPU
		{63393558-AA2C-4771-820C-253E665211E4}.Debug|Any CPU.Build.0 = Debug|Any CPU
		{63393558-AA2C-4771-820C-253E665211E4}.Release|Any CPU.ActiveCfg = Release|Any CPU
		{63393558-AA2C-4771-820C-253E665211E4}.Release|Any CPU.Build.0 = Release|Any CPU
		{B2AD04AA-FC39-4E09-91AB-24B2AC21CA0C}.Debug|Any CPU.ActiveCfg = Debug|Any CPU
		{B2AD04AA-FC39-4E09-91AB-24B2AC21CA0C}.Debug|Any CPU.Build.0 = Debug|Any CPU
		{B2AD04AA-FC39-4E09-91AB-24B2AC21CA0C}.Release|Any CPU.ActiveCfg = Release|Any CPU
		{B2AD04AA-FC39-4E09-91AB-24B2AC21CA0C}.Release|Any CPU.Build.0 = Release|Any CPU
		{62B604B5-0203-4F6B-8BB7-208D5ED3E66C}.Debug|Any CPU.ActiveCfg = Debug|Any CPU
		{62B604B5-0203-4F6B-8BB7-208D5ED3E66C}.Debug|Any CPU.Build.0 = Debug|Any CPU
		{62B604B5-0203-4F6B-8BB7-208D5ED3E66C}.Release|Any CPU.ActiveCfg = Release|Any CPU
		{62B604B5-0203-4F6B-8BB7-208D5ED3E66C}.Release|Any CPU.Build.0 = Release|Any CPU
		{A5610AA5-193A-4CAF-9C3A-E3BAE78A1086}.Debug|Any CPU.ActiveCfg = Debug|Any CPU
		{A5610AA5-193A-4CAF-9C3A-E3BAE78A1086}.Debug|Any CPU.Build.0 = Debug|Any CPU
		{A5610AA5-193A-4CAF-9C3A-E3BAE78A1086}.Release|Any CPU.ActiveCfg = Release|Any CPU
		{A5610AA5-193A-4CAF-9C3A-E3BAE78A1086}.Release|Any CPU.Build.0 = Release|Any CPU
		{5850AA6F-0CFE-4AB8-B8F4-EB32C032A47A}.Debug|Any CPU.ActiveCfg = Debug|Any CPU
		{5850AA6F-0CFE-4AB8-B8F4-EB32C032A47A}.Debug|Any CPU.Build.0 = Debug|Any CPU
		{5850AA6F-0CFE-4AB8-B8F4-EB32C032A47A}.Release|Any CPU.ActiveCfg = Release|Any CPU
		{5850AA6F-0CFE-4AB8-B8F4-EB32C032A47A}.Release|Any CPU.Build.0 = Release|Any CPU
		{E309BAFF-8567-4B16-9A17-9577C4CA0B2A}.Debug|Any CPU.ActiveCfg = Debug|Any CPU
		{E309BAFF-8567-4B16-9A17-9577C4CA0B2A}.Debug|Any CPU.Build.0 = Debug|Any CPU
		{E309BAFF-8567-4B16-9A17-9577C4CA0B2A}.Release|Any CPU.ActiveCfg = Release|Any CPU
		{E309BAFF-8567-4B16-9A17-9577C4CA0B2A}.Release|Any CPU.Build.0 = Release|Any CPU
		{70BC3C2F-70D9-4F2F-B4B1-AEBA8698DF84}.Debug|Any CPU.ActiveCfg = Debug|Any CPU
		{70BC3C2F-70D9-4F2F-B4B1-AEBA8698DF84}.Debug|Any CPU.Build.0 = Debug|Any CPU
		{70BC3C2F-70D9-4F2F-B4B1-AEBA8698DF84}.Release|Any CPU.ActiveCfg = Release|Any CPU
		{70BC3C2F-70D9-4F2F-B4B1-AEBA8698DF84}.Release|Any CPU.Build.0 = Release|Any CPU
		{76C30973-3B50-47B7-9C14-3BFCD03E1070}.Debug|Any CPU.ActiveCfg = Debug|Any CPU
		{76C30973-3B50-47B7-9C14-3BFCD03E1070}.Debug|Any CPU.Build.0 = Debug|Any CPU
		{76C30973-3B50-47B7-9C14-3BFCD03E1070}.Release|Any CPU.ActiveCfg = Release|Any CPU
		{76C30973-3B50-47B7-9C14-3BFCD03E1070}.Release|Any CPU.Build.0 = Release|Any CPU
		{579F6617-21C0-496A-B144-86A17F57A3A4}.Debug|Any CPU.ActiveCfg = Debug|Any CPU
		{579F6617-21C0-496A-B144-86A17F57A3A4}.Debug|Any CPU.Build.0 = Debug|Any CPU
		{579F6617-21C0-496A-B144-86A17F57A3A4}.Release|Any CPU.ActiveCfg = Release|Any CPU
		{579F6617-21C0-496A-B144-86A17F57A3A4}.Release|Any CPU.Build.0 = Release|Any CPU
		{F0B15113-A6FA-4205-A42D-91500A49AEFF}.Debug|Any CPU.ActiveCfg = Debug|Any CPU
		{F0B15113-A6FA-4205-A42D-91500A49AEFF}.Debug|Any CPU.Build.0 = Debug|Any CPU
		{F0B15113-A6FA-4205-A42D-91500A49AEFF}.Release|Any CPU.ActiveCfg = Release|Any CPU
		{F0B15113-A6FA-4205-A42D-91500A49AEFF}.Release|Any CPU.Build.0 = Release|Any CPU
		{E7475E2B-247D-41E8-92A7-A1BF4533AA0F}.Debug|Any CPU.ActiveCfg = Debug|Any CPU
		{E7475E2B-247D-41E8-92A7-A1BF4533AA0F}.Debug|Any CPU.Build.0 = Debug|Any CPU
		{E7475E2B-247D-41E8-92A7-A1BF4533AA0F}.Release|Any CPU.ActiveCfg = Release|Any CPU
		{E7475E2B-247D-41E8-92A7-A1BF4533AA0F}.Release|Any CPU.Build.0 = Release|Any CPU
		{78FE3106-5BD0-4C40-9AEA-C42F196436D6}.Debug|Any CPU.ActiveCfg = Debug|Any CPU
		{78FE3106-5BD0-4C40-9AEA-C42F196436D6}.Debug|Any CPU.Build.0 = Debug|Any CPU
		{78FE3106-5BD0-4C40-9AEA-C42F196436D6}.Release|Any CPU.ActiveCfg = Release|Any CPU
		{78FE3106-5BD0-4C40-9AEA-C42F196436D6}.Release|Any CPU.Build.0 = Release|Any CPU
	EndGlobalSection
EndGlobal
