
Microsoft Visual Studio Solution File, Format Version 12.00
Project("{FAE04EC0-301F-11D3-BF4B-00C04F79EFBC}") = "sdk", "sdk\sdk.csproj", "{DD4E8670-2B14-44BB-ADC7-2CE37B32BF6D}"
EndProject
Project("{FAE04EC0-301F-11D3-BF4B-00C04F79EFBC}") = "GameMaintenance", "GameMaintenance\GameMaintenance.csproj", "{3413D574-7E98-44E7-A341-695E7CDAA5B1}"
EndProject
Project("{FAE04EC0-301F-11D3-BF4B-00C04F79EFBC}") = "ReplicateState", "ReplicateState\ReplicateState.csproj", "{103084F8-801A-4A40-94D3-CC251CD429E5}"
EndProject
Project("{FAE04EC0-301F-11D3-BF4B-00C04F79EFBC}") = "ServiceAccountMaintenance", "ServiceAccountMaintenance\ServiceAccountMaintenance.csproj", "{AB181F90-95B6-4628-9DE0-052261425D8B}"
EndProject
Project("{FAE04EC0-301F-11D3-BF4B-00C04F79EFBC}") = "Utils", "Utils\Utils.csproj", "{44DD7049-2835-4808-9234-CCD68DC16D0E}"
EndProject
Project("{2150E333-8FDC-42A3-9474-1A3956D46DE8}") = "scenarios", "scenarios", "{5527094D-E26D-474B-AC79-6204A76E95CF}"
EndProject
Global
	GlobalSection(SolutionConfigurationPlatforms) = preSolution
		Debug|Any CPU = Debug|Any CPU
		Release|Any CPU = Release|Any CPU
	EndGlobalSection
	GlobalSection(ProjectConfigurationPlatforms) = postSolution
		{DD4E8670-2B14-44BB-ADC7-2CE37B32BF6D}.Debug|Any CPU.ActiveCfg = Debug|Any CPU
		{DD4E8670-2B14-44BB-ADC7-2CE37B32BF6D}.Debug|Any CPU.Build.0 = Debug|Any CPU
		{DD4E8670-2B14-44BB-ADC7-2CE37B32BF6D}.Release|Any CPU.ActiveCfg = Release|Any CPU
		{DD4E8670-2B14-44BB-ADC7-2CE37B32BF6D}.Release|Any CPU.Build.0 = Release|Any CPU
		{3413D574-7E98-44E7-A341-695E7CDAA5B1}.Debug|Any CPU.ActiveCfg = Debug|Any CPU
		{3413D574-7E98-44E7-A341-695E7CDAA5B1}.Debug|Any CPU.Build.0 = Debug|Any CPU
		{3413D574-7E98-44E7-A341-695E7CDAA5B1}.Release|Any CPU.ActiveCfg = Release|Any CPU
		{3413D574-7E98-44E7-A341-695E7CDAA5B1}.Release|Any CPU.Build.0 = Release|Any CPU
		{103084F8-801A-4A40-94D3-CC251CD429E5}.Debug|Any CPU.ActiveCfg = Debug|Any CPU
		{103084F8-801A-4A40-94D3-CC251CD429E5}.Debug|Any CPU.Build.0 = Debug|Any CPU
		{103084F8-801A-4A40-94D3-CC251CD429E5}.Release|Any CPU.ActiveCfg = Release|Any CPU
		{103084F8-801A-4A40-94D3-CC251CD429E5}.Release|Any CPU.Build.0 = Release|Any CPU
		{AB181F90-95B6-4628-9DE0-052261425D8B}.Debug|Any CPU.ActiveCfg = Debug|Any CPU
		{AB181F90-95B6-4628-9DE0-052261425D8B}.Debug|Any CPU.Build.0 = Debug|Any CPU
		{AB181F90-95B6-4628-9DE0-052261425D8B}.Release|Any CPU.ActiveCfg = Release|Any CPU
		{AB181F90-95B6-4628-9DE0-052261425D8B}.Release|Any CPU.Build.0 = Release|Any CPU
		{44DD7049-2835-4808-9234-CCD68DC16D0E}.Debug|Any CPU.ActiveCfg = Debug|Any CPU
		{44DD7049-2835-4808-9234-CCD68DC16D0E}.Debug|Any CPU.Build.0 = Debug|Any CPU
		{44DD7049-2835-4808-9234-CCD68DC16D0E}.Release|Any CPU.ActiveCfg = Release|Any CPU
		{44DD7049-2835-4808-9234-CCD68DC16D0E}.Release|Any CPU.Build.0 = Release|Any CPU
	EndGlobalSection
	GlobalSection(NestedProjects) = preSolution
		{44DD7049-2835-4808-9234-CCD68DC16D0E} = {5527094D-E26D-474B-AC79-6204A76E95CF}
		{AB181F90-95B6-4628-9DE0-052261425D8B} = {5527094D-E26D-474B-AC79-6204A76E95CF}
		{103084F8-801A-4A40-94D3-CC251CD429E5} = {5527094D-E26D-474B-AC79-6204A76E95CF}
		{3413D574-7E98-44E7-A341-695E7CDAA5B1} = {5527094D-E26D-474B-AC79-6204A76E95CF}
	EndGlobalSection
EndGlobal
